
Microsoft Visual Studio Solution File, Format Version 12.00
# Visual Studio Version 17
VisualStudioVersion = 17.7.34031.279
MinimumVisualStudioVersion = 10.0.40219.1
Project("{FAE04EC0-301F-11D3-BF4B-00C04F79EFBC}") = "calculator1", "calculator1\calculator1.csproj", "{A33C3085-F1E6-42FF-9006-DAE398D84AFE}"
EndProject
Global
	GlobalSection(SolutionConfigurationPlatforms) = preSolution
		Debug|Any CPU = Debug|Any CPU
		Release|Any CPU = Release|Any CPU
	EndGlobalSection
	GlobalSection(ProjectConfigurationPlatforms) = postSolution
		{A33C3085-F1E6-42FF-9006-DAE398D84AFE}.Debug|Any CPU.ActiveCfg = Debug|Any CPU
		{A33C3085-F1E6-42FF-9006-DAE398D84AFE}.Debug|Any CPU.Build.0 = Debug|Any CPU
		{A33C3085-F1E6-42FF-9006-DAE398D84AFE}.Release|Any CPU.ActiveCfg = Release|Any CPU
		{A33C3085-F1E6-42FF-9006-DAE398D84AFE}.Release|Any CPU.Build.0 = Release|Any CPU
	EndGlobalSection
	GlobalSection(SolutionProperties) = preSolution
		HideSolutionNode = FALSE
	EndGlobalSection
	GlobalSection(ExtensibilityGlobals) = postSolution
		SolutionGuid = {470506DD-434A-4EB1-8179-8829CB8B690B}
	EndGlobalSection
EndGlobal
